// !$*UTF8*$!
{
	archiveVersion = 1;
	classes = {
	};
	objectVersion = 48;
	objects = {

/* Begin PBXBuildFile section */
		C32EDAC21FB0EFF400BB654B /* AppDelegate.swift in Sources */ = {isa = PBXBuildFile; fileRef = C32EDAC11FB0EFF400BB654B /* AppDelegate.swift */; };
		C32EDAC41FB0EFF400BB654B /* ViewController.swift in Sources */ = {isa = PBXBuildFile; fileRef = C32EDAC31FB0EFF400BB654B /* ViewController.swift */; };
		C32EDAC71FB0EFF400BB654B /* Main.storyboard in Resources */ = {isa = PBXBuildFile; fileRef = C32EDAC51FB0EFF400BB654B /* Main.storyboard */; };
		C32EDAC91FB0EFF400BB654B /* Assets.xcassets in Resources */ = {isa = PBXBuildFile; fileRef = C32EDAC81FB0EFF400BB654B /* Assets.xcassets */; };
		C32EDACC1FB0EFF400BB654B /* LaunchScreen.storyboard in Resources */ = {isa = PBXBuildFile; fileRef = C32EDACA1FB0EFF400BB654B /* LaunchScreen.storyboard */; };
		C32EDAD41FB0F03700BB654B /* Note.swift in Sources */ = {isa = PBXBuildFile; fileRef = C32EDAD31FB0F03700BB654B /* Note.swift */; };
		C32EDAD61FB0FBAE00BB654B /* Structure.swift in Sources */ = {isa = PBXBuildFile; fileRef = C32EDAD51FB0FBAE00BB654B /* Structure.swift */; };
/* End PBXBuildFile section */

/* Begin PBXFileReference section */
		C32EDABE1FB0EFF400BB654B /* classesAndUI.app */ = {isa = PBXFileReference; explicitFileType = wrapper.application; includeInIndex = 0; path = classesAndUI.app; sourceTree = BUILT_PRODUCTS_DIR; };
		C32EDAC11FB0EFF400BB654B /* AppDelegate.swift */ = {isa = PBXFileReference; lastKnownFileType = sourcecode.swift; path = AppDelegate.swift; sourceTree = "<group>"; };
		C32EDAC31FB0EFF400BB654B /* ViewController.swift */ = {isa = PBXFileReference; lastKnownFileType = sourcecode.swift; path = ViewController.swift; sourceTree = "<group>"; };
		C32EDAC61FB0EFF400BB654B /* Base */ = {isa = PBXFileReference; lastKnownFileType = file.storyboard; name = Base; path = Base.lproj/Main.storyboard; sourceTree = "<group>"; };
		C32EDAC81FB0EFF400BB654B /* Assets.xcassets */ = {isa = PBXFileReference; lastKnownFileType = folder.assetcatalog; path = Assets.xcassets; sourceTree = "<group>"; };
		C32EDACB1FB0EFF400BB654B /* Base */ = {isa = PBXFileReference; lastKnownFileType = file.storyboard; name = Base; path = Base.lproj/LaunchScreen.storyboard; sourceTree = "<group>"; };
		C32EDACD1FB0EFF400BB654B /* Info.plist */ = {isa = PBXFileReference; lastKnownFileType = text.plist.xml; path = Info.plist; sourceTree = "<group>"; };
		C32EDAD31FB0F03700BB654B /* Note.swift */ = {isa = PBXFileReference; lastKnownFileType = sourcecode.swift; path = Note.swift; sourceTree = "<group>"; };
		C32EDAD51FB0FBAE00BB654B /* Structure.swift */ = {isa = PBXFileReference; lastKnownFileType = sourcecode.swift; path = Structure.swift; sourceTree = "<group>"; };
/* End PBXFileReference section */

/* Begin PBXFrameworksBuildPhase section */
		C32EDABB1FB0EFF400BB654B /* Frameworks */ = {
			isa = PBXFrameworksBuildPhase;
			buildActionMask = 2147483647;
			files = (
			);
			runOnlyForDeploymentPostprocessing = 0;
		};
/* End PBXFrameworksBuildPhase section */

/* Begin PBXGroup section */
		C32EDAB51FB0EFF400BB654B = {
			isa = PBXGroup;
			children = (
				C32EDAC01FB0EFF400BB654B /* classesAndUI */,
				C32EDABF1FB0EFF400BB654B /* Products */,
			);
			sourceTree = "<group>";
		};
		C32EDABF1FB0EFF400BB654B /* Products */ = {
			isa = PBXGroup;
			children = (
				C32EDABE1FB0EFF400BB654B /* classesAndUI.app */,
			);
			name = Products;
			sourceTree = "<group>";
		};
		C32EDAC01FB0EFF400BB654B /* classesAndUI */ = {
			isa = PBXGroup;
			children = (
				C32EDAC11FB0EFF400BB654B /* AppDelegate.swift */,
				C32EDAC31FB0EFF400BB654B /* ViewController.swift */,
				C32EDAC51FB0EFF400BB654B /* Main.storyboard */,
				C32EDAC81FB0EFF400BB654B /* Assets.xcassets */,
				C32EDACA1FB0EFF400BB654B /* LaunchScreen.storyboard */,
				C32EDACD1FB0EFF400BB654B /* Info.plist */,
				C32EDAD31FB0F03700BB654B /* Note.swift */,
				C32EDAD51FB0FBAE00BB654B /* Structure.swift */,
			);
			path = classesAndUI;
			sourceTree = "<group>";
		};
/* End PBXGroup section */

/* Begin PBXNativeTarget section */
		C32EDABD1FB0EFF400BB654B /* classesAndUI */ = {
			isa = PBXNativeTarget;
			buildConfigurationList = C32EDAD01FB0EFF400BB654B /* Build configuration list for PBXNativeTarget "classesAndUI" */;
			buildPhases = (
				C32EDABA1FB0EFF400BB654B /* Sources */,
				C32EDABB1FB0EFF400BB654B /* Frameworks */,
				C32EDABC1FB0EFF400BB654B /* Resources */,
			);
			buildRules = (
			);
			dependencies = (
			);
			name = classesAndUI;
			productName = classesAndUI;
			productReference = C32EDABE1FB0EFF400BB654B /* classesAndUI.app */;
			productType = "com.apple.product-type.application";
		};
/* End PBXNativeTarget section */

/* Begin PBXProject section */
		C32EDAB61FB0EFF400BB654B /* Project object */ = {
			isa = PBXProject;
			attributes = {
				LastSwiftUpdateCheck = 0900;
				LastUpgradeCheck = 0900;
				ORGANIZATIONNAME = rodariapp;
				TargetAttributes = {
					C32EDABD1FB0EFF400BB654B = {
						CreatedOnToolsVersion = 9.0.1;
						ProvisioningStyle = Automatic;
					};
				};
			};
			buildConfigurationList = C32EDAB91FB0EFF400BB654B /* Build configuration list for PBXProject "classesAndUI" */;
			compatibilityVersion = "Xcode 8.0";
			developmentRegion = en;
			hasScannedForEncodings = 0;
			knownRegions = (
				en,
				Base,
			);
			mainGroup = C32EDAB51FB0EFF400BB654B;
			productRefGroup = C32EDABF1FB0EFF400BB654B /* Products */;
			projectDirPath = "";
			projectRoot = "";
			targets = (
				C32EDABD1FB0EFF400BB654B /* classesAndUI */,
			);
		};
/* End PBXProject section */

/* Begin PBXResourcesBuildPhase section */
		C32EDABC1FB0EFF400BB654B /* Resources */ = {
			isa = PBXResourcesBuildPhase;
			buildActionMask = 2147483647;
			files = (
				C32EDACC1FB0EFF400BB654B /* LaunchScreen.storyboard in Resources */,
				C32EDAC91FB0EFF400BB654B /* Assets.xcassets in Resources */,
				C32EDAC71FB0EFF400BB654B /* Main.storyboard in Resources */,
			);
			runOnlyForDeploymentPostprocessing = 0;
		};
/* End PBXResourcesBuildPhase section */

/* Begin PBXSourcesBuildPhase section */
		C32EDABA1FB0EFF400BB654B /* Sources */ = {
			isa = PBXSourcesBuildPhase;
			buildActionMask = 2147483647;
			files = (
				C32EDAC41FB0EFF400BB654B /* ViewController.swift in Sources */,
				C32EDAC21FB0EFF400BB654B /* AppDelegate.swift in Sources */,
				C32EDAD41FB0F03700BB654B /* Note.swift in Sources */,
				C32EDAD61FB0FBAE00BB654B /* Structure.swift in Sources */,
			);
			runOnlyForDeploymentPostprocessing = 0;
		};
/* End PBXSourcesBuildPhase section */

/* Begin PBXVariantGroup section */
		C32EDAC51FB0EFF400BB654B /* Main.storyboard */ = {
			isa = PBXVariantGroup;
			children = (
				C32EDAC61FB0EFF400BB654B /* Base */,
			);
			name = Main.storyboard;
			sourceTree = "<group>";
		};
		C32EDACA1FB0EFF400BB654B /* LaunchScreen.storyboard */ = {
			isa = PBXVariantGroup;
			children = (
				C32EDACB1FB0EFF400BB654B /* Base */,
			);
			name = LaunchScreen.storyboard;
			sourceTree = "<group>";
		};
/* End PBXVariantGroup section */

/* Begin XCBuildConfiguration section */
		C32EDACE1FB0EFF400BB654B /* Debug */ = {
			isa = XCBuildConfiguration;
			buildSettings = {
				ALWAYS_SEARCH_USER_PATHS = NO;
				CLANG_ANALYZER_NONNULL = YES;
				CLANG_ANALYZER_NUMBER_OBJECT_CONVERSION = YES_AGGRESSIVE;
				CLANG_CXX_LANGUAGE_STANDARD = "gnu++14";
				CLANG_CXX_LIBRARY = "libc++";
				CLANG_ENABLE_MODULES = YES;
				CLANG_ENABLE_OBJC_ARC = YES;
				CLANG_WARN_BLOCK_CAPTURE_AUTORELEASING = YES;
				CLANG_WARN_BOOL_CONVERSION = YES;
				CLANG_WARN_COMMA = YES;
				CLANG_WARN_CONSTANT_CONVERSION = YES;
				CLANG_WARN_DIRECT_OBJC_ISA_USAGE = YES_ERROR;
				CLANG_WARN_DOCUMENTATION_COMMENTS = YES;
				CLANG_WARN_EMPTY_BODY = YES;
				CLANG_WARN_ENUM_CONVERSION = YES;
				CLANG_WARN_INFINITE_RECURSION = YES;
				CLANG_WARN_INT_CONVERSION = YES;
				CLANG_WARN_NON_LITERAL_NULL_CONVERSION = YES;
				CLANG_WARN_OBJC_LITERAL_CONVERSION = YES;
				CLANG_WARN_OBJC_ROOT_CLASS = YES_ERROR;
				CLANG_WARN_RANGE_LOOP_ANALYSIS = YES;
				CLANG_WARN_STRICT_PROTOTYPES = YES;
				CLANG_WARN_SUSPICIOUS_MOVE = YES;
				CLANG_WARN_UNGUARDED_AVAILABILITY = YES_AGGRESSIVE;
				CLANG_WARN_UNREACHABLE_CODE = YES;
				CLANG_WARN__DUPLICATE_METHOD_MATCH = YES;
				CODE_SIGN_IDENTITY = "iPhone Developer";
				COPY_PHASE_STRIP = NO;
				DEBUG_INFORMATION_FORMAT = dwarf;
				ENABLE_STRICT_OBJC_MSGSEND = YES;
				ENABLE_TESTABILITY = YES;
				GCC_C_LANGUAGE_STANDARD = gnu11;
				GCC_DYNAMIC_NO_PIC = NO;
				GCC_NO_COMMON_BLOCKS = YES;
				GCC_OPTIMIZATION_LEVEL = 0;
				GCC_PREPROCESSOR_DEFINITIONS = (
					"DEBUG=1",
					"$(inherited)",
				);
				GCC_WARN_64_TO_32_BIT_CONVERSION = YES;
				GCC_WARN_ABOUT_RETURN_TYPE = YES_ERROR;
				GCC_WARN_UNDECLARED_SELECTOR = YES;
				GCC_WARN_UNINITIALIZED_AUTOS = YES_AGGRESSIVE;
				GCC_WARN_UNUSED_FUNCTION = YES;
				GCC_WARN_UNUSED_VARIABLE = YES;
				IPHONEOS_DEPLOYMENT_TARGET = 11.0;
				MTL_ENABLE_DEBUG_INFO = YES;
				ONLY_ACTIVE_ARCH = YES;
				SDKROOT = iphoneos;
				SWIFT_ACTIVE_COMPILATION_CONDITIONS = DEBUG;
				SWIFT_OPTIMIZATION_LEVEL = "-Onone";
			};
			name = Debug;
		};
		C32EDACF1FB0EFF400BB654B /* Release */ = {
			isa = XCBuildConfiguration;
			buildSettings = {
				ALWAYS_SEARCH_USER_PATHS = NO;
				CLANG_ANALYZER_NONNULL = YES;
				CLANG_ANALYZER_NUMBER_OBJECT_CONVERSION = YES_AGGRESSIVE;
				CLANG_CXX_LANGUAGE_STANDARD = "gnu++14";
				CLANG_CXX_LIBRARY = "libc++";
				CLANG_ENABLE_MODULES = YES;
				CLANG_ENABLE_OBJC_ARC = YES;
				CLANG_WARN_BLOCK_CAPTURE_AUTORELEASING = YES;
				CLANG_WARN_BOOL_CONVERSION = YES;
				CLANG_WARN_COMMA = YES;
				CLANG_WARN_CONSTANT_CONVERSION = YES;
				CLANG_WARN_DIRECT_OBJC_ISA_USAGE = YES_ERROR;
				CLANG_WARN_DOCUMENTATION_COMMENTS = YES;
				CLANG_WARN_EMPTY_BODY = YES;
				CLANG_WARN_ENUM_CONVERSION = YES;
				CLANG_WARN_INFINITE_RECURSION = YES;
				CLANG_WARN_INT_CONVERSION = YES;
				CLANG_WARN_NON_LITERAL_NULL_CONVERSION = YES;
				CLANG_WARN_OBJC_LITERAL_CONVERSION = YES;
				CLANG_WARN_OBJC_ROOT_CLASS = YES_ERROR;
				CLANG_WARN_RANGE_LOOP_ANALYSIS = YES;
				CLANG_WARN_STRICT_PROTOTYPES = YES;
				CLANG_WARN_SUSPICIOUS_MOVE = YES;
				CLANG_WARN_UNGUARDED_AVAILABILITY = YES_AGGRESSIVE;
				CLANG_WARN_UNREACHABLE_CODE = YES;
				CLANG_WARN__DUPLICATE_METHOD_MATCH = YES;
				CODE_SIGN_IDENTITY = "iPhone Developer";
				COPY_PHASE_STRIP = NO;
				DEBUG_INFORMATION_FORMAT = "dwarf-with-dsym";
				ENABLE_NS_ASSERTIONS = NO;
				ENABLE_STRICT_OBJC_MSGSEND = YES;
				GCC_C_LANGUAGE_STANDARD = gnu11;
				GCC_NO_COMMON_BLOCKS = YES;
				GCC_WARN_64_TO_32_BIT_CONVERSION = YES;
				GCC_WARN_ABOUT_RETURN_TYPE = YES_ERROR;
				GCC_WARN_UNDECLARED_SELECTOR = YES;
				GCC_WARN_UNINITIALIZED_AUTOS = YES_AGGRESSIVE;
				GCC_WARN_UNUSED_FUNCTION = YES;
				GCC_WARN_UNUSED_VARIABLE = YES;
				IPHONEOS_DEPLOYMENT_TARGET = 11.0;
				MTL_ENABLE_DEBUG_INFO = NO;
				SDKROOT = iphoneos;
				SWIFT_OPTIMIZATION_LEVEL = "-Owholemodule";
				VALIDATE_PRODUCT = YES;
			};
			name = Release;
		};
		C32EDAD11FB0EFF400BB654B /* Debug */ = {
			isa = XCBuildConfiguration;
			buildSettings = {
				ASSETCATALOG_COMPILER_APPICON_NAME = AppIcon;
				CODE_SIGN_STYLE = Automatic;
				DEVELOPMENT_TEAM = ETD7423N8U;
				INFOPLIST_FILE = classesAndUI/Info.plist;
				LD_RUNPATH_SEARCH_PATHS = "$(inherited) @executable_path/Frameworks";
				PRODUCT_BUNDLE_IDENTIFIER = com.rodariapp.classesAndUI;
				PRODUCT_NAME = "$(TARGET_NAME)";
				SWIFT_VERSION = 4.0;
				TARGETED_DEVICE_FAMILY = "1,2";
			};
			name = Debug;
		};
		C32EDAD21FB0EFF400BB654B /* Release */ = {
			isa = XCBuildConfiguration;
			buildSettings = {
				ASSETCATALOG_COMPILER_APPICON_NAME = AppIcon;
				CODE_SIGN_STYLE = Automatic;
				DEVELOPMENT_TEAM = ETD7423N8U;
				INFOPLIST_FILE = classesAndUI/Info.plist;
				LD_RUNPATH_SEARCH_PATHS = "$(inherited) @executable_path/Frameworks";
				PRODUCT_BUNDLE_IDENTIFIER = com.rodariapp.classesAndUI;
				PRODUCT_NAME = "$(TARGET_NAME)";
				SWIFT_VERSION = 4.0;
				TARGETED_DEVICE_FAMILY = "1,2";
			};
			name = Release;
		};
/* End XCBuildConfiguration section */

/* Begin XCConfigurationList section */
		C32EDAB91FB0EFF400BB654B /* Build configuration list for PBXProject "classesAndUI" */ = {
			isa = XCConfigurationList;
			buildConfigurations = (
				C32EDACE1FB0EFF400BB654B /* Debug */,
				C32EDACF1FB0EFF400BB654B /* Release */,
			);
			defaultConfigurationIsVisible = 0;
			defaultConfigurationName = Release;
		};
		C32EDAD01FB0EFF400BB654B /* Build configuration list for PBXNativeTarget "classesAndUI" */ = {
			isa = XCConfigurationList;
			buildConfigurations = (
				C32EDAD11FB0EFF400BB654B /* Debug */,
				C32EDAD21FB0EFF400BB654B /* Release */,
			);
			defaultConfigurationIsVisible = 0;
			defaultConfigurationName = Release;
		};
/* End XCConfigurationList section */
	};
	rootObject = C32EDAB61FB0EFF400BB654B /* Project object */;
}
